// !$*UTF8*$!
{
	archiveVersion = 1;
	classes = {
	};
	objectVersion = 50;
	objects = {

/* Begin PBXBuildFile section */
		9A10465821C3806D00749130 /* AppDelegate.swift in Sources */ = {isa = PBXBuildFile; fileRef = 9A10465721C3806D00749130 /* AppDelegate.swift */; };
		9A10465A21C3806D00749130 /* RootViewController.swift in Sources */ = {isa = PBXBuildFile; fileRef = 9A10465921C3806D00749130 /* RootViewController.swift */; };
		9A10465C21C3806D00749130 /* DataViewController.swift in Sources */ = {isa = PBXBuildFile; fileRef = 9A10465B21C3806D00749130 /* DataViewController.swift */; };
		9A10465E21C3806D00749130 /* ModelController.swift in Sources */ = {isa = PBXBuildFile; fileRef = 9A10465D21C3806D00749130 /* ModelController.swift */; };
		9A10466121C3806D00749130 /* Main.storyboard in Resources */ = {isa = PBXBuildFile; fileRef = 9A10465F21C3806D00749130 /* Main.storyboard */; };
		9A10466321C3806E00749130 /* Assets.xcassets in Resources */ = {isa = PBXBuildFile; fileRef = 9A10466221C3806E00749130 /* Assets.xcassets */; };
		9A10466621C3806E00749130 /* LaunchScreen.storyboard in Resources */ = {isa = PBXBuildFile; fileRef = 9A10466421C3806E00749130 /* LaunchScreen.storyboard */; };
		9A10467121C3806E00749130 /* _070E091Tests.swift in Sources */ = {isa = PBXBuildFile; fileRef = 9A10467021C3806E00749130 /* _070E091Tests.swift */; };
		9A10467C21C3806E00749130 /* _070E091UITests.swift in Sources */ = {isa = PBXBuildFile; fileRef = 9A10467B21C3806E00749130 /* _070E091UITests.swift */; };
		9A10468D21C38EE600749130 /* pinokio.txt in Resources */ = {isa = PBXBuildFile; fileRef = 9A10468C21C38EE600749130 /* pinokio.txt */; };
		9A10468F21C3909800749130 /* cinderela.txt in Resources */ = {isa = PBXBuildFile; fileRef = 9A10468E21C3909800749130 /* cinderela.txt */; };
		9A10469121C390B300749130 /* malinkundang.txt in Resources */ = {isa = PBXBuildFile; fileRef = 9A10469021C390B300749130 /* malinkundang.txt */; };
		9A10469321C3A77D00749130 /* toba.txt in Resources */ = {isa = PBXBuildFile; fileRef = 9A10469221C3A77D00749130 /* toba.txt */; };
		9A10469721C3AB5D00749130 /* sangkuriang.txt in Resources */ = {isa = PBXBuildFile; fileRef = 9A10469621C3AB5D00749130 /* sangkuriang.txt */; };
/* End PBXBuildFile section */

/* Begin PBXContainerItemProxy section */
		9A10466D21C3806E00749130 /* PBXContainerItemProxy */ = {
			isa = PBXContainerItemProxy;
			containerPortal = 9A10464C21C3806D00749130 /* Project object */;
			proxyType = 1;
			remoteGlobalIDString = 9A10465321C3806D00749130;
			remoteInfo = 4070E091;
		};
		9A10467821C3806E00749130 /* PBXContainerItemProxy */ = {
			isa = PBXContainerItemProxy;
			containerPortal = 9A10464C21C3806D00749130 /* Project object */;
			proxyType = 1;
			remoteGlobalIDString = 9A10465321C3806D00749130;
			remoteInfo = 4070E091;
		};
/* End PBXContainerItemProxy section */

/* Begin PBXFileReference section */
		9A10465421C3806D00749130 /* 4070E091.app */ = {isa = PBXFileReference; explicitFileType = wrapper.application; includeInIndex = 0; path = 4070E091.app; sourceTree = BUILT_PRODUCTS_DIR; };
		9A10465721C3806D00749130 /* AppDelegate.swift */ = {isa = PBXFileReference; lastKnownFileType = sourcecode.swift; path = AppDelegate.swift; sourceTree = "<group>"; };
		9A10465921C3806D00749130 /* RootViewController.swift */ = {isa = PBXFileReference; lastKnownFileType = sourcecode.swift; path = RootViewController.swift; sourceTree = "<group>"; };
		9A10465B21C3806D00749130 /* DataViewController.swift */ = {isa = PBXFileReference; lastKnownFileType = sourcecode.swift; path = DataViewController.swift; sourceTree = "<group>"; };
		9A10465D21C3806D00749130 /* ModelController.swift */ = {isa = PBXFileReference; lastKnownFileType = sourcecode.swift; path = ModelController.swift; sourceTree = "<group>"; };
		9A10466021C3806D00749130 /* Base */ = {isa = PBXFileReference; lastKnownFileType = file.storyboard; name = Base; path = Base.lproj/Main.storyboard; sourceTree = "<group>"; };
		9A10466221C3806E00749130 /* Assets.xcassets */ = {isa = PBXFileReference; lastKnownFileType = folder.assetcatalog; path = Assets.xcassets; sourceTree = "<group>"; };
		9A10466521C3806E00749130 /* Base */ = {isa = PBXFileReference; lastKnownFileType = file.storyboard; name = Base; path = Base.lproj/LaunchScreen.storyboard; sourceTree = "<group>"; };
		9A10466721C3806E00749130 /* Info.plist */ = {isa = PBXFileReference; lastKnownFileType = text.plist.xml; path = Info.plist; sourceTree = "<group>"; };
		9A10466C21C3806E00749130 /* 4070E091Tests.xctest */ = {isa = PBXFileReference; explicitFileType = wrapper.cfbundle; includeInIndex = 0; path = 4070E091Tests.xctest; sourceTree = BUILT_PRODUCTS_DIR; };
		9A10467021C3806E00749130 /* _070E091Tests.swift */ = {isa = PBXFileReference; lastKnownFileType = sourcecode.swift; path = _070E091Tests.swift; sourceTree = "<group>"; };
		9A10467221C3806E00749130 /* Info.plist */ = {isa = PBXFileReference; lastKnownFileType = text.plist.xml; path = Info.plist; sourceTree = "<group>"; };
		9A10467721C3806E00749130 /* 4070E091UITests.xctest */ = {isa = PBXFileReference; explicitFileType = wrapper.cfbundle; includeInIndex = 0; path = 4070E091UITests.xctest; sourceTree = BUILT_PRODUCTS_DIR; };
		9A10467B21C3806E00749130 /* _070E091UITests.swift */ = {isa = PBXFileReference; lastKnownFileType = sourcecode.swift; path = _070E091UITests.swift; sourceTree = "<group>"; };
		9A10467D21C3806E00749130 /* Info.plist */ = {isa = PBXFileReference; lastKnownFileType = text.plist.xml; path = Info.plist; sourceTree = "<group>"; };
		9A10468C21C38EE600749130 /* pinokio.txt */ = {isa = PBXFileReference; lastKnownFileType = text; path = pinokio.txt; sourceTree = "<group>"; };
		9A10468E21C3909800749130 /* cinderela.txt */ = {isa = PBXFileReference; lastKnownFileType = text; path = cinderela.txt; sourceTree = "<group>"; };
		9A10469021C390B300749130 /* malinkundang.txt */ = {isa = PBXFileReference; lastKnownFileType = text; path = malinkundang.txt; sourceTree = "<group>"; };
		9A10469221C3A77D00749130 /* toba.txt */ = {isa = PBXFileReference; lastKnownFileType = text; path = toba.txt; sourceTree = "<group>"; };
		9A10469621C3AB5D00749130 /* sangkuriang.txt */ = {isa = PBXFileReference; lastKnownFileType = text; path = sangkuriang.txt; sourceTree = "<group>"; };
/* End PBXFileReference section */

/* Begin PBXFrameworksBuildPhase section */
		9A10465121C3806D00749130 /* Frameworks */ = {
			isa = PBXFrameworksBuildPhase;
			buildActionMask = 2147483647;
			files = (
			);
			runOnlyForDeploymentPostprocessing = 0;
		};
		9A10466921C3806E00749130 /* Frameworks */ = {
			isa = PBXFrameworksBuildPhase;
			buildActionMask = 2147483647;
			files = (
			);
			runOnlyForDeploymentPostprocessing = 0;
		};
		9A10467421C3806E00749130 /* Frameworks */ = {
			isa = PBXFrameworksBuildPhase;
			buildActionMask = 2147483647;
			files = (
			);
			runOnlyForDeploymentPostprocessing = 0;
		};
/* End PBXFrameworksBuildPhase section */

/* Begin PBXGroup section */
		9A10464B21C3806D00749130 = {
			isa = PBXGroup;
			children = (
				9A10465621C3806D00749130 /* 4070E091 */,
				9A10466F21C3806E00749130 /* 4070E091Tests */,
				9A10467A21C3806E00749130 /* 4070E091UITests */,
				9A10465521C3806D00749130 /* Products */,
			);
			sourceTree = "<group>";
		};
		9A10465521C3806D00749130 /* Products */ = {
			isa = PBXGroup;
			children = (
				9A10465421C3806D00749130 /* 4070E091.app */,
				9A10466C21C3806E00749130 /* 4070E091Tests.xctest */,
				9A10467721C3806E00749130 /* 4070E091UITests.xctest */,
			);
			name = Products;
			sourceTree = "<group>";
		};
		9A10465621C3806D00749130 /* 4070E091 */ = {
			isa = PBXGroup;
			children = (
				9A10468921C3899400749130 /* Support-files */,
				9A10465721C3806D00749130 /* AppDelegate.swift */,
				9A10465921C3806D00749130 /* RootViewController.swift */,
				9A10465B21C3806D00749130 /* DataViewController.swift */,
				9A10465D21C3806D00749130 /* ModelController.swift */,
				9A10465F21C3806D00749130 /* Main.storyboard */,
				9A10466221C3806E00749130 /* Assets.xcassets */,
				9A10466421C3806E00749130 /* LaunchScreen.storyboard */,
				9A10466721C3806E00749130 /* Info.plist */,
			);
			path = 4070E091;
			sourceTree = "<group>";
		};
		9A10466F21C3806E00749130 /* 4070E091Tests */ = {
			isa = PBXGroup;
			children = (
				9A10467021C3806E00749130 /* _070E091Tests.swift */,
				9A10467221C3806E00749130 /* Info.plist */,
			);
			path = 4070E091Tests;
			sourceTree = "<group>";
		};
		9A10467A21C3806E00749130 /* 4070E091UITests */ = {
			isa = PBXGroup;
			children = (
				9A10467B21C3806E00749130 /* _070E091UITests.swift */,
				9A10467D21C3806E00749130 /* Info.plist */,
			);
			path = 4070E091UITests;
			sourceTree = "<group>";
		};
		9A10468921C3899400749130 /* Support-files */ = {
			isa = PBXGroup;
			children = (
				9A10468E21C3909800749130 /* cinderela.txt */,
				9A10468C21C38EE600749130 /* pinokio.txt */,
				9A10469021C390B300749130 /* malinkundang.txt */,
				9A10469221C3A77D00749130 /* toba.txt */,
				9A10469621C3AB5D00749130 /* sangkuriang.txt */,
			);
			path = "Support-files";
			sourceTree = "<group>";
		};
/* End PBXGroup section */

/* Begin PBXNativeTarget section */
		9A10465321C3806D00749130 /* 4070E091 */ = {
			isa = PBXNativeTarget;
			buildConfigurationList = 9A10468021C3806E00749130 /* Build configuration list for PBXNativeTarget "4070E091" */;
			buildPhases = (
				9A10465021C3806D00749130 /* Sources */,
				9A10465121C3806D00749130 /* Frameworks */,
				9A10465221C3806D00749130 /* Resources */,
			);
			buildRules = (
			);
			dependencies = (
			);
			name = 4070E091;
			productName = 4070E091;
			productReference = 9A10465421C3806D00749130 /* 4070E091.app */;
			productType = "com.apple.product-type.application";
		};
		9A10466B21C3806E00749130 /* 4070E091Tests */ = {
			isa = PBXNativeTarget;
			buildConfigurationList = 9A10468321C3806E00749130 /* Build configuration list for PBXNativeTarget "4070E091Tests" */;
			buildPhases = (
				9A10466821C3806E00749130 /* Sources */,
				9A10466921C3806E00749130 /* Frameworks */,
				9A10466A21C3806E00749130 /* Resources */,
			);
			buildRules = (
			);
			dependencies = (
				9A10466E21C3806E00749130 /* PBXTargetDependency */,
			);
			name = 4070E091Tests;
			productName = 4070E091Tests;
			productReference = 9A10466C21C3806E00749130 /* 4070E091Tests.xctest */;
			productType = "com.apple.product-type.bundle.unit-test";
		};
		9A10467621C3806E00749130 /* 4070E091UITests */ = {
			isa = PBXNativeTarget;
			buildConfigurationList = 9A10468621C3806E00749130 /* Build configuration list for PBXNativeTarget "4070E091UITests" */;
			buildPhases = (
				9A10467321C3806E00749130 /* Sources */,
				9A10467421C3806E00749130 /* Frameworks */,
				9A10467521C3806E00749130 /* Resources */,
			);
			buildRules = (
			);
			dependencies = (
				9A10467921C3806E00749130 /* PBXTargetDependency */,
			);
			name = 4070E091UITests;
			productName = 4070E091UITests;
			productReference = 9A10467721C3806E00749130 /* 4070E091UITests.xctest */;
			productType = "com.apple.product-type.bundle.ui-testing";
		};
/* End PBXNativeTarget section */

/* Begin PBXProject section */
		9A10464C21C3806D00749130 /* Project object */ = {
			isa = PBXProject;
			attributes = {
				LastSwiftUpdateCheck = 0940;
				LastUpgradeCheck = 0940;
				ORGANIZATIONNAME = projectinge;
				TargetAttributes = {
					9A10465321C3806D00749130 = {
						CreatedOnToolsVersion = 9.4.1;
					};
					9A10466B21C3806E00749130 = {
						CreatedOnToolsVersion = 9.4.1;
						TestTargetID = 9A10465321C3806D00749130;
					};
					9A10467621C3806E00749130 = {
						CreatedOnToolsVersion = 9.4.1;
						TestTargetID = 9A10465321C3806D00749130;
					};
				};
			};
			buildConfigurationList = 9A10464F21C3806D00749130 /* Build configuration list for PBXProject "4070E091" */;
			compatibilityVersion = "Xcode 9.3";
			developmentRegion = en;
			hasScannedForEncodings = 0;
			knownRegions = (
				en,
				Base,
			);
			mainGroup = 9A10464B21C3806D00749130;
			productRefGroup = 9A10465521C3806D00749130 /* Products */;
			projectDirPath = "";
			projectRoot = "";
			targets = (
				9A10465321C3806D00749130 /* 4070E091 */,
				9A10466B21C3806E00749130 /* 4070E091Tests */,
				9A10467621C3806E00749130 /* 4070E091UITests */,
			);
		};
/* End PBXProject section */

/* Begin PBXResourcesBuildPhase section */
		9A10465221C3806D00749130 /* Resources */ = {
			isa = PBXResourcesBuildPhase;
			buildActionMask = 2147483647;
			files = (
				9A10466621C3806E00749130 /* LaunchScreen.storyboard in Resources */,
				9A10469321C3A77D00749130 /* toba.txt in Resources */,
				9A10469121C390B300749130 /* malinkundang.txt in Resources */,
				9A10466321C3806E00749130 /* Assets.xcassets in Resources */,
				9A10468F21C3909800749130 /* cinderela.txt in Resources */,
				9A10468D21C38EE600749130 /* pinokio.txt in Resources */,
				9A10466121C3806D00749130 /* Main.storyboard in Resources */,
				9A10469721C3AB5D00749130 /* sangkuriang.txt in Resources */,
			);
			runOnlyForDeploymentPostprocessing = 0;
		};
		9A10466A21C3806E00749130 /* Resources */ = {
			isa = PBXResourcesBuildPhase;
			buildActionMask = 2147483647;
			files = (
			);
			runOnlyForDeploymentPostprocessing = 0;
		};
		9A10467521C3806E00749130 /* Resources */ = {
			isa = PBXResourcesBuildPhase;
			buildActionMask = 2147483647;
			files = (
			);
			runOnlyForDeploymentPostprocessing = 0;
		};
/* End PBXResourcesBuildPhase section */

/* Begin PBXSourcesBuildPhase section */
		9A10465021C3806D00749130 /* Sources */ = {
			isa = PBXSourcesBuildPhase;
			buildActionMask = 2147483647;
			files = (
				9A10465A21C3806D00749130 /* RootViewController.swift in Sources */,
				9A10465E21C3806D00749130 /* ModelController.swift in Sources */,
				9A10465C21C3806D00749130 /* DataViewController.swift in Sources */,
				9A10465821C3806D00749130 /* AppDelegate.swift in Sources */,
			);
			runOnlyForDeploymentPostprocessing = 0;
		};
		9A10466821C3806E00749130 /* Sources */ = {
			isa = PBXSourcesBuildPhase;
			buildActionMask = 2147483647;
			files = (
				9A10467121C3806E00749130 /* _070E091Tests.swift in Sources */,
			);
			runOnlyForDeploymentPostprocessing = 0;
		};
		9A10467321C3806E00749130 /* Sources */ = {
			isa = PBXSourcesBuildPhase;
			buildActionMask = 2147483647;
			files = (
				9A10467C21C3806E00749130 /* _070E091UITests.swift in Sources */,
			);
			runOnlyForDeploymentPostprocessing = 0;
		};
/* End PBXSourcesBuildPhase section */

/* Begin PBXTargetDependency section */
		9A10466E21C3806E00749130 /* PBXTargetDependency */ = {
			isa = PBXTargetDependency;
			target = 9A10465321C3806D00749130 /* 4070E091 */;
			targetProxy = 9A10466D21C3806E00749130 /* PBXContainerItemProxy */;
		};
		9A10467921C3806E00749130 /* PBXTargetDependency */ = {
			isa = PBXTargetDependency;
			target = 9A10465321C3806D00749130 /* 4070E091 */;
			targetProxy = 9A10467821C3806E00749130 /* PBXContainerItemProxy */;
		};
/* End PBXTargetDependency section */

/* Begin PBXVariantGroup section */
		9A10465F21C3806D00749130 /* Main.storyboard */ = {
			isa = PBXVariantGroup;
			children = (
				9A10466021C3806D00749130 /* Base */,
			);
			name = Main.storyboard;
			sourceTree = "<group>";
		};
		9A10466421C3806E00749130 /* LaunchScreen.storyboard */ = {
			isa = PBXVariantGroup;
			children = (
				9A10466521C3806E00749130 /* Base */,
			);
			name = LaunchScreen.storyboard;
			sourceTree = "<group>";
		};
/* End PBXVariantGroup section */

/* Begin XCBuildConfiguration section */
		9A10467E21C3806E00749130 /* Debug */ = {
			isa = XCBuildConfiguration;
			buildSettings = {
				ALWAYS_SEARCH_USER_PATHS = NO;
				CLANG_ANALYZER_NONNULL = YES;
				CLANG_ANALYZER_NUMBER_OBJECT_CONVERSION = YES_AGGRESSIVE;
				CLANG_CXX_LANGUAGE_STANDARD = "gnu++14";
				CLANG_CXX_LIBRARY = "libc++";
				CLANG_ENABLE_MODULES = YES;
				CLANG_ENABLE_OBJC_ARC = YES;
				CLANG_ENABLE_OBJC_WEAK = YES;
				CLANG_WARN_BLOCK_CAPTURE_AUTORELEASING = YES;
				CLANG_WARN_BOOL_CONVERSION = YES;
				CLANG_WARN_COMMA = YES;
				CLANG_WARN_CONSTANT_CONVERSION = YES;
				CLANG_WARN_DEPRECATED_OBJC_IMPLEMENTATIONS = YES;
				CLANG_WARN_DIRECT_OBJC_ISA_USAGE = YES_ERROR;
				CLANG_WARN_DOCUMENTATION_COMMENTS = YES;
				CLANG_WARN_EMPTY_BODY = YES;
				CLANG_WARN_ENUM_CONVERSION = YES;
				CLANG_WARN_INFINITE_RECURSION = YES;
				CLANG_WARN_INT_CONVERSION = YES;
				CLANG_WARN_NON_LITERAL_NULL_CONVERSION = YES;
				CLANG_WARN_OBJC_IMPLICIT_RETAIN_SELF = YES;
				CLANG_WARN_OBJC_LITERAL_CONVERSION = YES;
				CLANG_WARN_OBJC_ROOT_CLASS = YES_ERROR;
				CLANG_WARN_RANGE_LOOP_ANALYSIS = YES;
				CLANG_WARN_STRICT_PROTOTYPES = YES;
				CLANG_WARN_SUSPICIOUS_MOVE = YES;
				CLANG_WARN_UNGUARDED_AVAILABILITY = YES_AGGRESSIVE;
				CLANG_WARN_UNREACHABLE_CODE = YES;
				CLANG_WARN__DUPLICATE_METHOD_MATCH = YES;
				CODE_SIGN_IDENTITY = "iPhone Developer";
				COPY_PHASE_STRIP = NO;
				DEBUG_INFORMATION_FORMAT = dwarf;
				ENABLE_STRICT_OBJC_MSGSEND = YES;
				ENABLE_TESTABILITY = YES;
				GCC_C_LANGUAGE_STANDARD = gnu11;
				GCC_DYNAMIC_NO_PIC = NO;
				GCC_NO_COMMON_BLOCKS = YES;
				GCC_OPTIMIZATION_LEVEL = 0;
				GCC_PREPROCESSOR_DEFINITIONS = (
					"DEBUG=1",
					"$(inherited)",
				);
				GCC_WARN_64_TO_32_BIT_CONVERSION = YES;
				GCC_WARN_ABOUT_RETURN_TYPE = YES_ERROR;
				GCC_WARN_UNDECLARED_SELECTOR = YES;
				GCC_WARN_UNINITIALIZED_AUTOS = YES_AGGRESSIVE;
				GCC_WARN_UNUSED_FUNCTION = YES;
				GCC_WARN_UNUSED_VARIABLE = YES;
				IPHONEOS_DEPLOYMENT_TARGET = 11.4;
				MTL_ENABLE_DEBUG_INFO = YES;
				ONLY_ACTIVE_ARCH = YES;
				SDKROOT = iphoneos;
				SWIFT_ACTIVE_COMPILATION_CONDITIONS = DEBUG;
				SWIFT_OPTIMIZATION_LEVEL = "-Onone";
			};
			name = Debug;
		};
		9A10467F21C3806E00749130 /* Release */ = {
			isa = XCBuildConfiguration;
			buildSettings = {
				ALWAYS_SEARCH_USER_PATHS = NO;
				CLANG_ANALYZER_NONNULL = YES;
				CLANG_ANALYZER_NUMBER_OBJECT_CONVERSION = YES_AGGRESSIVE;
				CLANG_CXX_LANGUAGE_STANDARD = "gnu++14";
				CLANG_CXX_LIBRARY = "libc++";
				CLANG_ENABLE_MODULES = YES;
				CLANG_ENABLE_OBJC_ARC = YES;
				CLANG_ENABLE_OBJC_WEAK = YES;
				CLANG_WARN_BLOCK_CAPTURE_AUTORELEASING = YES;
				CLANG_WARN_BOOL_CONVERSION = YES;
				CLANG_WARN_COMMA = YES;
				CLANG_WARN_CONSTANT_CONVERSION = YES;
				CLANG_WARN_DEPRECATED_OBJC_IMPLEMENTATIONS = YES;
				CLANG_WARN_DIRECT_OBJC_ISA_USAGE = YES_ERROR;
				CLANG_WARN_DOCUMENTATION_COMMENTS = YES;
				CLANG_WARN_EMPTY_BODY = YES;
				CLANG_WARN_ENUM_CONVERSION = YES;
				CLANG_WARN_INFINITE_RECURSION = YES;
				CLANG_WARN_INT_CONVERSION = YES;
				CLANG_WARN_NON_LITERAL_NULL_CONVERSION = YES;
				CLANG_WARN_OBJC_IMPLICIT_RETAIN_SELF = YES;
				CLANG_WARN_OBJC_LITERAL_CONVERSION = YES;
				CLANG_WARN_OBJC_ROOT_CLASS = YES_ERROR;
				CLANG_WARN_RANGE_LOOP_ANALYSIS = YES;
				CLANG_WARN_STRICT_PROTOTYPES = YES;
				CLANG_WARN_SUSPICIOUS_MOVE = YES;
				CLANG_WARN_UNGUARDED_AVAILABILITY = YES_AGGRESSIVE;
				CLANG_WARN_UNREACHABLE_CODE = YES;
				CLANG_WARN__DUPLICATE_METHOD_MATCH = YES;
				CODE_SIGN_IDENTITY = "iPhone Developer";
				COPY_PHASE_STRIP = NO;
				DEBUG_INFORMATION_FORMAT = "dwarf-with-dsym";
				ENABLE_NS_ASSERTIONS = NO;
				ENABLE_STRICT_OBJC_MSGSEND = YES;
				GCC_C_LANGUAGE_STANDARD = gnu11;
				GCC_NO_COMMON_BLOCKS = YES;
				GCC_WARN_64_TO_32_BIT_CONVERSION = YES;
				GCC_WARN_ABOUT_RETURN_TYPE = YES_ERROR;
				GCC_WARN_UNDECLARED_SELECTOR = YES;
				GCC_WARN_UNINITIALIZED_AUTOS = YES_AGGRESSIVE;
				GCC_WARN_UNUSED_FUNCTION = YES;
				GCC_WARN_UNUSED_VARIABLE = YES;
				IPHONEOS_DEPLOYMENT_TARGET = 11.4;
				MTL_ENABLE_DEBUG_INFO = NO;
				SDKROOT = iphoneos;
				SWIFT_COMPILATION_MODE = wholemodule;
				SWIFT_OPTIMIZATION_LEVEL = "-O";
				VALIDATE_PRODUCT = YES;
			};
			name = Release;
		};
		9A10468121C3806E00749130 /* Debug */ = {
			isa = XCBuildConfiguration;
			buildSettings = {
				ASSETCATALOG_COMPILER_APPICON_NAME = AppIcon;
				CODE_SIGN_STYLE = Automatic;
				INFOPLIST_FILE = 4070E091/Info.plist;
				LD_RUNPATH_SEARCH_PATHS = (
					"$(inherited)",
					"@executable_path/Frameworks",
				);
				PRODUCT_BUNDLE_IDENTIFIER = "com.projectinge.-070E091";
				PRODUCT_NAME = "$(TARGET_NAME)";
				SWIFT_VERSION = 4.0;
				TARGETED_DEVICE_FAMILY = "1,2";
			};
			name = Debug;
		};
		9A10468221C3806E00749130 /* Release */ = {
			isa = XCBuildConfiguration;
			buildSettings = {
				ASSETCATALOG_COMPILER_APPICON_NAME = AppIcon;
				CODE_SIGN_STYLE = Automatic;
				INFOPLIST_FILE = 4070E091/Info.plist;
				LD_RUNPATH_SEARCH_PATHS = (
					"$(inherited)",
					"@executable_path/Frameworks",
				);
				PRODUCT_BUNDLE_IDENTIFIER = "com.projectinge.-070E091";
				PRODUCT_NAME = "$(TARGET_NAME)";
				SWIFT_VERSION = 4.0;
				TARGETED_DEVICE_FAMILY = "1,2";
			};
			name = Release;
		};
		9A10468421C3806E00749130 /* Debug */ = {
			isa = XCBuildConfiguration;
			buildSettings = {
				ALWAYS_EMBED_SWIFT_STANDARD_LIBRARIES = YES;
				BUNDLE_LOADER = "$(TEST_HOST)";
				CODE_SIGN_STYLE = Automatic;
				INFOPLIST_FILE = 4070E091Tests/Info.plist;
				LD_RUNPATH_SEARCH_PATHS = (
					"$(inherited)",
					"@executable_path/Frameworks",
					"@loader_path/Frameworks",
				);
				PRODUCT_BUNDLE_IDENTIFIER = "com.projectinge.-070E091Tests";
				PRODUCT_NAME = "$(TARGET_NAME)";
				SWIFT_VERSION = 4.0;
				TARGETED_DEVICE_FAMILY = "1,2";
				TEST_HOST = "$(BUILT_PRODUCTS_DIR)/4070E091.app/4070E091";
			};
			name = Debug;
		};
		9A10468521C3806E00749130 /* Release */ = {
			isa = XCBuildConfiguration;
			buildSettings = {
				ALWAYS_EMBED_SWIFT_STANDARD_LIBRARIES = YES;
				BUNDLE_LOADER = "$(TEST_HOST)";
				CODE_SIGN_STYLE = Automatic;
				INFOPLIST_FILE = 4070E091Tests/Info.plist;
				LD_RUNPATH_SEARCH_PATHS = (
					"$(inherited)",
					"@executable_path/Frameworks",
					"@loader_path/Frameworks",
				);
				PRODUCT_BUNDLE_IDENTIFIER = "com.projectinge.-070E091Tests";
				PRODUCT_NAME = "$(TARGET_NAME)";
				SWIFT_VERSION = 4.0;
				TARGETED_DEVICE_FAMILY = "1,2";
				TEST_HOST = "$(BUILT_PRODUCTS_DIR)/4070E091.app/4070E091";
			};
			name = Release;
		};
		9A10468721C3806E00749130 /* Debug */ = {
			isa = XCBuildConfiguration;
			buildSettings = {
				ALWAYS_EMBED_SWIFT_STANDARD_LIBRARIES = YES;
				CODE_SIGN_STYLE = Automatic;
				INFOPLIST_FILE = 4070E091UITests/Info.plist;
				LD_RUNPATH_SEARCH_PATHS = (
					"$(inherited)",
					"@executable_path/Frameworks",
					"@loader_path/Frameworks",
				);
				PRODUCT_BUNDLE_IDENTIFIER = "com.projectinge.-070E091UITests";
				PRODUCT_NAME = "$(TARGET_NAME)";
				SWIFT_VERSION = 4.0;
				TARGETED_DEVICE_FAMILY = "1,2";
				TEST_TARGET_NAME = 4070E091;
			};
			name = Debug;
		};
		9A10468821C3806E00749130 /* Release */ = {
			isa = XCBuildConfiguration;
			buildSettings = {
				ALWAYS_EMBED_SWIFT_STANDARD_LIBRARIES = YES;
				CODE_SIGN_STYLE = Automatic;
				INFOPLIST_FILE = 4070E091UITests/Info.plist;
				LD_RUNPATH_SEARCH_PATHS = (
					"$(inherited)",
					"@executable_path/Frameworks",
					"@loader_path/Frameworks",
				);
				PRODUCT_BUNDLE_IDENTIFIER = "com.projectinge.-070E091UITests";
				PRODUCT_NAME = "$(TARGET_NAME)";
				SWIFT_VERSION = 4.0;
				TARGETED_DEVICE_FAMILY = "1,2";
				TEST_TARGET_NAME = 4070E091;
			};
			name = Release;
		};
/* End XCBuildConfiguration section */

/* Begin XCConfigurationList section */
		9A10464F21C3806D00749130 /* Build configuration list for PBXProject "4070E091" */ = {
			isa = XCConfigurationList;
			buildConfigurations = (
				9A10467E21C3806E00749130 /* Debug */,
				9A10467F21C3806E00749130 /* Release */,
			);
			defaultConfigurationIsVisible = 0;
			defaultConfigurationName = Release;
		};
		9A10468021C3806E00749130 /* Build configuration list for PBXNativeTarget "4070E091" */ = {
			isa = XCConfigurationList;
			buildConfigurations = (
				9A10468121C3806E00749130 /* Debug */,
				9A10468221C3806E00749130 /* Release */,
			);
			defaultConfigurationIsVisible = 0;
			defaultConfigurationName = Release;
		};
		9A10468321C3806E00749130 /* Build configuration list for PBXNativeTarget "4070E091Tests" */ = {
			isa = XCConfigurationList;
			buildConfigurations = (
				9A10468421C3806E00749130 /* Debug */,
				9A10468521C3806E00749130 /* Release */,
			);
			defaultConfigurationIsVisible = 0;
			defaultConfigurationName = Release;
		};
		9A10468621C3806E00749130 /* Build configuration list for PBXNativeTarget "4070E091UITests" */ = {
			isa = XCConfigurationList;
			buildConfigurations = (
				9A10468721C3806E00749130 /* Debug */,
				9A10468821C3806E00749130 /* Release */,
			);
			defaultConfigurationIsVisible = 0;
			defaultConfigurationName = Release;
		};
/* End XCConfigurationList section */
	};
	rootObject = 9A10464C21C3806D00749130 /* Project object */;
}
